
Microsoft Visual Studio Solution File, Format Version 12.00
# Visual Studio Version 16
VisualStudioVersion = 16.0.30907.101
MinimumVisualStudioVersion = 10.0.40219.1
Project("{9A19103F-16F7-4668-BE54-9A1E7A4F7556}") = "TMHCodingChallengeHostGUI", "TMHCodingChallengeHostGUI\TMHCodingChallengeHostGUI.csproj", "{AD8E8F39-7CC5-49BB-B0B7-3B41F30950FF}"
EndProject
Project("{FAE04EC0-301F-11D3-BF4B-00C04F79EFBC}") = "CodingChallenge_Tests", "CodingChallenge_Tests\CodingChallenge_Tests.csproj", "{793C5A66-1AAD-45A3-9F34-577F9F2B8934}"
EndProject
Global
	GlobalSection(SolutionConfigurationPlatforms) = preSolution
		Debug|Any CPU = Debug|Any CPU
		Release|Any CPU = Release|Any CPU
	EndGlobalSection
	GlobalSection(ProjectConfigurationPlatforms) = postSolution
		{AD8E8F39-7CC5-49BB-B0B7-3B41F30950FF}.Debug|Any CPU.ActiveCfg = Debug|Any CPU
		{AD8E8F39-7CC5-49BB-B0B7-3B41F30950FF}.Debug|Any CPU.Build.0 = Debug|Any CPU
		{AD8E8F39-7CC5-49BB-B0B7-3B41F30950FF}.Release|Any CPU.ActiveCfg = Release|Any CPU
		{AD8E8F39-7CC5-49BB-B0B7-3B41F30950FF}.Release|Any CPU.Build.0 = Release|Any CPU
		{793C5A66-1AAD-45A3-9F34-577F9F2B8934}.Debug|Any CPU.ActiveCfg = Debug|Any CPU
		{793C5A66-1AAD-45A3-9F34-577F9F2B8934}.Debug|Any CPU.Build.0 = Debug|Any CPU
		{793C5A66-1AAD-45A3-9F34-577F9F2B8934}.Release|Any CPU.ActiveCfg = Release|Any CPU
		{793C5A66-1AAD-45A3-9F34-577F9F2B8934}.Release|Any CPU.Build.0 = Release|Any CPU
	EndGlobalSection
	GlobalSection(SolutionProperties) = preSolution
		HideSolutionNode = FALSE
	EndGlobalSection
	GlobalSection(ExtensibilityGlobals) = postSolution
		SolutionGuid = {98627AB5-9926-4B40-9210-85D1ED528512}
	EndGlobalSection
EndGlobal
